
Microsoft Visual Studio Solution File, Format Version 12.00
# Visual Studio Version 16
VisualStudioVersion = 16.0.32228.343
MinimumVisualStudioVersion = 10.0.40219.1
Project("{FAE04EC0-301F-11D3-BF4B-00C04F79EFBC}") = "SalesWebMVC", "SalesWebMVC\SalesWebMVC.csproj", "{29789A32-5A37-4221-A217-C1ECB7282CE0}"
EndProject
Global
	GlobalSection(SolutionConfigurationPlatforms) = preSolution
		Debug|Any CPU = Debug|Any CPU
		Release|Any CPU = Release|Any CPU
	EndGlobalSection
	GlobalSection(ProjectConfigurationPlatforms) = postSolution
		{29789A32-5A37-4221-A217-C1ECB7282CE0}.Debug|Any CPU.ActiveCfg = Debug|Any CPU
		{29789A32-5A37-4221-A217-C1ECB7282CE0}.Debug|Any CPU.Build.0 = Debug|Any CPU
		{29789A32-5A37-4221-A217-C1ECB7282CE0}.Release|Any CPU.ActiveCfg = Release|Any CPU
		{29789A32-5A37-4221-A217-C1ECB7282CE0}.Release|Any CPU.Build.0 = Release|Any CPU
	EndGlobalSection
	GlobalSection(SolutionProperties) = preSolution
		HideSolutionNode = FALSE
	EndGlobalSection
	GlobalSection(ExtensibilityGlobals) = postSolution
		SolutionGuid = {D6D515A7-383F-4496-964B-57F676AEDD28}
	EndGlobalSection
EndGlobal
